зволяют создавать из ковкого металла высокотехнологичные сплавы с нужными свойствами. сталь, как и чугун, прочный, экологически безопасный материал, проверенный временем. стальные изделия устойчивы к агрессивным воздействиям, их можно эксплуатировать в экстремальных средах. химический состав металла и его свойства, зависят от количества углерода, сплавов и серы.
</p><p>сортамент включает черный прокат из углеродистой стали, нержавеющей, легированной. в производстве профилей для металлоконструкций, каркасов зданий, опор и перекрытий, используют низколегированные нержавеющие и углеродистые стали (ст20). из углеродистой низколегированной.<br></p><p>(09г2с) сделаны электросварные прямошовные трубы диаметром свыше 10 до 530 мм, с односторонним или смещенным допуском по наружному диаметру (для трубопроводов и различных конструкций, гост 10705-8010705).
</p><p>ржавчина &mdash; главная проблема металлических трубопроводов. железные системы портятся из-за сырости и плесневого грибка. благодаря нержавейки марки 316 с добавкой молибдена, этот недостаток удалось ликвидировать. водопровод прослужит десятки лет без капремонта. системы просты в эксплуатации и монтаже.
</p><h3>трубный металлопрокат классифицируют по типу стального покрытия:</h3><ul><li>черные трубы (без покрытия);</li><li>оцинкованные</li><li>хромированные</li><li>аллюминизированные</li><li>с покрытием из легированного сплавав, в состав могут входить &mdash; никель, медь, хром, марганец</li></ul><p>легирующие элементы повышают механические характеристики черного углеродного металла. промышленные водогазопроводные системы, подвергшиеся оцинковке, хорошо защищены от коррозии и плесени, устойчивы к экстремально высоким нагрузкам и давлениям. цинковое покрытие наносится гальваническим методом, способом горячего погружения в расплавленный металл. изделие погружается в ванну с расплавленным раствором цинка.
</p><h2>где нужен трубный стальной прокат </h2>
бесшовные трубы разработаны для транспортировки жидкостей, порошкообразных веществ, нефти и газа. бесшовным способом создают стальной трубопрокат нефтяного бурильного сортимента, крекинговые трубы, эксплуатируемые в агрессивных средах, водогазопроводные — для монтажа систем водоснабжения и отопления.
<p></p><p>трубопрокат без сварного шва служит опорными и конструктивными элементами зданий и сооружений. используется в качестве торцевых и фрикционных свай, при этом строительные объекты получают дополнительную прочность. из стального профиля сооружают строительные леса, чтобы рабочие имели безопасный доступ к любому участку. на стальные опоры монтируется уличная заградительная сетка. для строительных конструкций разработаны гнутые замкнутые профили квадратного и прямоугольного сечения &mdash; гост 30245-2003.
</p><p>холоднодеформированные бесшовные профили (гост 8734-75) используют для устройства инженерных сетей. трубный бесшовный металлопрокат нужен в авиастроении, для производства машин, деталей и оборудования.
</p><p>тонкостенные трубы впв, сваренные из плоского листового металла, разработаны для передачи жидкости под низким давлением. гофрированные &mdash; незаменимы в эпоху информационных технологий для защиты проводов от внешних угроз, разработаны для электрических, телефонных, телевизионных и новых компьютерных сетей.
</p><p>сортамент трубного проката, с четкой классификацией по производственным отраслям, рабочим характеристикам и размерам, позволит вам быстро найти нужный товар (запасные части и другие компоненты) среди списка в каталоге продавца.
</p></p></div><div class=\"col-xl-3 col-lg-4 col-md-4\"><div class=\"sidebar_news-item\"><div class=\"sidebar_news-item_img\"><a href=\"/articles/nerzhaveyushchaya-stal-aisi/\"><img data-src=\"/upload/iblock/179/1799ee1cf87f1818732fa686f23c1fe7.jpg\" alt=\"нержавеющая сталь aisi\"></a></div><div class=\"sidebar_news-item_desc\"><div class=\"sidebar_news-item_title\"><a href=\"/articles/nerzhaveyushchaya-stal-aisi/\">нержавеющая сталь aisi</a></div></div></div><div class=\"sidebar_news-item\"><div class=\"sidebar_news-item_img\"><a href=\"/articles/sortament-stalnykh-trub/\"><img data-src=\"/upload/iblock/8a5/e945qa1pgx5bbw6ws6pu68ad5wmwsvvu.png\" alt=\"сортамент стальных труб\"></a></div><div class=\"sidebar_news-item_desc\"><div class=\"sidebar_news-item_title\"><a href=\"/articles/sortament-stalnykh-trub/\">сортамент стальных труб</a></div></div></div><div class=\"sidebar_news-item\"><div class=\"sidebar_news-item_img\"><a href=\"/articles/plyusy-i-minusy-stekloplastikovoy-armatury/\"><img data-src=\"/upload/iblock/bed/4op3zbsblb9jx9i8zh98cl7cazb4b78k.png\" alt=\"плюсы и минусы стеклопластиковой арматуры\"></a></div><div class=\"sidebar_news-item_desc\"><div class=\"sidebar_news-item_title\"><a href=\"/articles/plyusy-i-minusy-stekloplastikovoy-armatury/\">плюсы и минусы стеклопластиковой арматуры</a></div></div></div><div class=\"sidebar_news-item\"><div class=\"sidebar_news-item_img\"><a href=\"/articles/chto-takoe-armatura/\"><img data-src=\"/upload/iblock/2d9/l5a9gzkv8x34bpyaidkxb9oj1bis66zh.png\" alt=\"что такое арматура?\"></a></div><div class=\"sidebar_news-item_desc\"><div class=\"sidebar_news-item_title\"><a href=\"/articles/chto-takoe-armatura/\">что такое арматура? </a></div></div></div><a href=\"/articles/\" class=\"blue-border_btn all-news_btn\">возврат к списку</a></div></div></div></article></main><footer class=\"main-footer\"><div class=\"container\"><div class=\"row\"><div class=\"footer-column\"><div class=\"row\"><div class=\"col-lg-4 col-md-6 col-6\"><div class=\"footer-title\"><a href=\"/catalog/\">каталог                </a></div><ul class=\"footer-menu\"><li><a href=\"/catalog/armatura/\">арматура                    </a></li><li><a href=\"/catalog/nerzhaveyushchaya-stal/\">нержавеющая сталь                    </a></li><li><a href=\"/catalog/list-stalnoy/\">лист стальной                    </a></li><li><a href=\"/catalog/balka-dvutavrovaya/\">балка двутавровая                    </a></li><li><a href=\"/catalog/truba-kruglaya/\">труба круглая                    </a></li><li><a href=\"/catalog/truba-profilnaya/\">труба профильная                    </a></li></ul></div><div class=\"col-lg-4 col-md-6 col-6\"><div class=\"footer-title\"><a href=\"/about/\">о компании                </a></div><ul class=\"footer-menu\"><li><a href=\"/reviews/\">отзывы                    </a></li><li><a href=\"/news/\">новости                    </a></li><li><a href=\"/vacancy/\">вакансии                    </a></li></ul></div><div class=\"col-lg-4 col-md-6 col-6\"><div class=\"footer-title\"><a href=\"/services/\">услуги и сервис                </a></div><ul class=\"footer-menu\"><li><a href=\"/services/podgotovka/\">подготовка                    </a></li><li><a href=\"/services/pogruzka/\">погрузка                    </a></li><li><a href=\"/delivery/\">доставка                    </a></li></ul></div></div></div><div class=\"footer-column\"><div class=\"footer-title\"><a href=\"\">полезное</a></div><ul class=\"footer-menu\"><li><a href=\"/gost/\">госты </a></li><li><a href=\"/articles/\">статьи</a></li></ul></div><div class=\"footer-column\"><ul class=\"footer-contact_list\"><li><a href=\"tel:+74951140102\"><span class=\"glipf-call-answer\"></span>+7 (495) 114-01-02</a></li><li><a href=\"mailto:avs@metplus-vrn.ru\" class=\"footer-mail\"><span class=\"glipf-email\"></span>avs@metplus-vrn.ru</a></li><li><span class=\"glipf-clock\"></span>будни: 8:00 - 17:00 <br>суббота, воскресенье - выходные
<a href=\"/upload/compliance.pdf\" target=\"_blank\">правилами обработки персональных данных</a></span></div></form></div></div></div></body></html><div class=\"prime-banner-center\" id=\"show-1\"><div class=\"\"><span class=\"close-p-center\" onclick=\"closebannercenter(this)\">&times;</span><a href=\"\"><img src=\"/upload/prime_smartbanners/7ce/6v9m08tdwsdf3cwcv57b9jf9vg63z97o.jpg\" id=\"prime-img-center\" alt=\"переоценка (моб)\" title=\"переоценка (моб)\"></a></div></div><div class=\"prime-window-bgr\" id=\"prime-window-bgr\"></div>","html":"сортамент стальных труб корпорация металлинвест москва москва сортамент стальных труб статьи будни суббота воскресенье выходные прочая нержавейка корпорация металлинвест выберите город москва лиски заказать звонок введите номер телефона вам перезвоним ваше имя телефон нажимая кнопку соглашаетес и","site":"https://metplus-msk.ru/articles/sortament-stalnykh-trub/","position":false,"hiddenText":"","linkText":"выберите город каталог каталог прайс лист услуги отзывы контакты компании выберите город главная страница статьи нержавеющая сталь aisi сортамент стальных труб плюсы минусы стеклопластиковой арматуры такое арматура возврат списку каталог арматура нержавеющая сталь лист стальной балка двутавровая труба круглая труба профильная компании отзывы новости вакансии услуги сервис подготовка погрузка доставка полезное госты статьи avs metplus vrn ru гайки шайбы шпильки держатель ригеля заглушки крепление поручня стойке низ стойки пристенный держатель соединитель поручня фланец цанговый американка наружная рв рв гайка шлицевая затвор дисковой кран шаровый муфта полусгон сгон уплотнение dn фланец плоский штуцер конический штуцер резьбовой политика конфиденциальности согласие обработку персональных данных воронеж старый оскол политикой конфилициальности правилами обработки персональных данных","passages":"","coverage":0,"coverageTf":0}
[
